
Microsoft Visual Studio Solution File, Format Version 12.00
# Visual Studio Version 17
VisualStudioVersion = 17.9.34728.123
MinimumVisualStudioVersion = 10.0.40219.1
Project("{FAE04EC0-301F-11D3-BF4B-00C04F79EFBC}") = "FitnessApp", "FitnessApp.csproj", "{31A61AF6-3C76-4D53-8281-07826C67AE9B}"
EndProject
Global
	GlobalSection(SolutionConfigurationPlatforms) = preSolution
		Debug|Any CPU = Debug|Any CPU
		Release|Any CPU = Release|Any CPU
	EndGlobalSection
	GlobalSection(ProjectConfigurationPlatforms) = postSolution
		{31A61AF6-3C76-4D53-8281-07826C67AE9B}.Debug|Any CPU.ActiveCfg = Debug|Any CPU
		{31A61AF6-3C76-4D53-8281-07826C67AE9B}.Debug|Any CPU.Build.0 = Debug|Any CPU
		{31A61AF6-3C76-4D53-8281-07826C67AE9B}.Release|Any CPU.ActiveCfg = Release|Any CPU
		{31A61AF6-3C76-4D53-8281-07826C67AE9B}.Release|Any CPU.Build.0 = Release|Any CPU
	EndGlobalSection
	GlobalSection(SolutionProperties) = preSolution
		HideSolutionNode = FALSE
	EndGlobalSection
	GlobalSection(ExtensibilityGlobals) = postSolution
		SolutionGuid = {3DE1ABCA-40BD-45E9-BE2B-55209F5BE355}
	EndGlobalSection
EndGlobal
